<?xml version="1.0" encoding="utf-8"?>
<Project ToolsVersion="4.0" xmlns="http://schemas.microsoft.com/developer/msbuild/2003">
  <ItemGroup>
    <Filter Include="Source Files">
      <UniqueIdentifier>{4FC737F1-C7A5-4376-A066-2A32D752A2FF}</UniqueIdentifier>
      <Extensions>cpp;c;cc;cxx;def;odl;idl;hpj;bat;asm;asmx</Extensions>
    </Filter>
    <Filter Include="Header Files">
      <UniqueIdentifier>{93995380-89BD-4b04-88EB-625FBE52EBFB}</UniqueIdentifier>
      <Extensions>h;hh;hpp;hxx;hm;inl;inc;xsd</Extensions>
    </Filter>
    <Filter Include="Resource Files">
      <UniqueIdentifier>{67DA6AB6-F800-4c08-8B7A-83BB121AAD01}</UniqueIdentifier>
      <Extensions>rc;ico;cur;bmp;dlg;rc2;rct;bin;rgs;gif;jpg;jpeg;jpe;resx;tiff;tif;png;wav</Extensions>
    </Filter>
  </ItemGroup>
  <ItemGroup>
    <ClCompile Include="compiler\AcquireStmt.cpp">
      <Filter>Source Files</Filter>
    </ClCompile>
    <ClCompile Include="compiler\AddrOfExpr.cpp">
      <Filter>Source Files</Filter>
    </ClCompile>
    <ClCompile Include="compiler\ArrayExpr.cpp">
      <Filter>Source Files</Filter>
    </ClCompile>
    <ClCompile Include="compiler\AsmStmt.cpp">
      <Filter>Source Files</Filter>
    </ClCompile>
    <ClCompile Include="compiler\AssignMathStmt.cpp">
      <Filter>Source Files</Filter>
    </ClCompile>
    <ClCompile Include="compiler\AssignStmt.cpp">
      <Filter>Source Files</Filter>
    </ClCompile>
    <ClCompile Include="compiler\AtomExpr.cpp">
      <Filter>Source Files</Filter>
    </ClCompile>
    <ClCompile Include="compiler\AutoFree.cpp">
      <Filter>Source Files</Filter>
    </ClCompile>
    <ClCompile Include="compiler\BinaryExpr.cpp">
      <Filter>Source Files</Filter>
    </ClCompile>
    <ClCompile Include="compiler\BlockStmt.cpp">
      <Filter>Source Files</Filter>
    </ClCompile>
    <ClCompile Include="compiler\Buffer.cpp">
      <Filter>Source Files</Filter>
    </ClCompile>
    <ClCompile Include="compiler\Bytecode.cpp">
      <Filter>Source Files</Filter>
    </ClCompile>
    <ClCompile Include="compiler\CallStmt.cpp">
      <Filter>Source Files</Filter>
    </ClCompile>
    <ClCompile Include="compiler\CaseStmt.cpp">
      <Filter>Source Files</Filter>
    </ClCompile>
    <ClCompile Include="compiler\CatchStmt.cpp">
      <Filter>Source Files</Filter>
    </ClCompile>
    <ClCompile Include="compiler\Compiler.cpp">
      <Filter>Source Files</Filter>
    </ClCompile>
    <ClCompile Include="compiler\Conditional.cpp">
      <Filter>Source Files</Filter>
    </ClCompile>
    <ClCompile Include="compiler\CondParser.cpp">
      <Filter>Source Files</Filter>
    </ClCompile>
    <ClCompile Include="compiler\DeclareStmt.cpp">
      <Filter>Source Files</Filter>
    </ClCompile>
    <ClCompile Include="compiler\DerefExpr.cpp">
      <Filter>Source Files</Filter>
    </ClCompile>
    <ClCompile Include="compiler\DoStmt.cpp">
      <Filter>Source Files</Filter>
    </ClCompile>
    <ClCompile Include="compiler\Error.cpp">
      <Filter>Source Files</Filter>
    </ClCompile>
    <ClCompile Include="compiler\EventSrcExpr.cpp">
      <Filter>Source Files</Filter>
    </ClCompile>
    <ClCompile Include="compiler\Expansion.cpp">
      <Filter>Source Files</Filter>
    </ClCompile>
    <ClCompile Include="compiler\Expr.cpp">
      <Filter>Source Files</Filter>
    </ClCompile>
    <ClCompile Include="compiler\ExprStmt.cpp">
      <Filter>Source Files</Filter>
    </ClCompile>
    <ClCompile Include="compiler\ForStmt.cpp">
      <Filter>Source Files</Filter>
    </ClCompile>
    <ClCompile Include="compiler\Fragment.cpp">
      <Filter>Source Files</Filter>
    </ClCompile>
    <ClCompile Include="compiler\FunctionDef.cpp">
      <Filter>Source Files</Filter>
    </ClCompile>
    <ClCompile Include="compiler\GosubParamStmt.cpp">
      <Filter>Source Files</Filter>
    </ClCompile>
    <ClCompile Include="compiler\GosubStmt.cpp">
      <Filter>Source Files</Filter>
    </ClCompile>
    <ClCompile Include="compiler\GotoStmt.cpp">
      <Filter>Source Files</Filter>
    </ClCompile>
    <ClCompile Include="compiler\IfStmt.cpp">
      <Filter>Source Files</Filter>
    </ClCompile>
    <ClCompile Include="compiler\IncDecExpr.cpp">
      <Filter>Source Files</Filter>
    </ClCompile>
    <ClCompile Include="compiler\IndirectExpr.cpp">
      <Filter>Source Files</Filter>
    </ClCompile>
    <ClCompile Include="compiler\InlineStmt.cpp">
      <Filter>Source Files</Filter>
    </ClCompile>
    <ClCompile Include="compiler\JumpStmt.cpp">
      <Filter>Source Files</Filter>
    </ClCompile>
    <ClCompile Include="compiler\LabelStmt.cpp">
      <Filter>Source Files</Filter>
    </ClCompile>
    <ClCompile Include="compiler\LogicalExpr.cpp">
      <Filter>Source Files</Filter>
    </ClCompile>
    <ClCompile Include="compiler\Macro.cpp">
      <Filter>Source Files</Filter>
    </ClCompile>
    <ClCompile Include="compiler\Mapping.cpp">
      <Filter>Source Files</Filter>
    </ClCompile>
    <ClCompile Include="compiler\ModExpr.cpp">
      <Filter>Source Files</Filter>
    </ClCompile>
    <ClCompile Include="compiler\MonitorStmt.cpp">
      <Filter>Source Files</Filter>
    </ClCompile>
    <ClCompile Include="compiler\NegateExpr.cpp">
      <Filter>Source Files</Filter>
    </ClCompile>
    <ClCompile Include="compiler\NodeExpr.cpp">
      <Filter>Source Files</Filter>
    </ClCompile>
    <ClCompile Include="compiler\parse_util.cpp">
      <Filter>Source Files</Filter>
    </ClCompile>
    <ClCompile Include="compiler\PreProc.cpp">
      <Filter>Source Files</Filter>
    </ClCompile>
    <ClCompile Include="compiler\Program.cpp">
      <Filter>Source Files</Filter>
    </ClCompile>
    <ClCompile Include="compiler\RelExpr.cpp">
      <Filter>Source Files</Filter>
    </ClCompile>
    <ClCompile Include="compiler\RepeatStmt.cpp">
      <Filter>Source Files</Filter>
    </ClCompile>
    <ClCompile Include="compiler\Resource.cpp">
      <Filter>Source Files</Filter>
    </ClCompile>
    <ClCompile Include="compiler\Scope.cpp">
      <Filter>Source Files</Filter>
    </ClCompile>
    <ClCompile Include="compiler\ScopeStmt.cpp">
      <Filter>Source Files</Filter>
    </ClCompile>
    <ClCompile Include="compiler\SensorExpr.cpp">
      <Filter>Source Files</Filter>
    </ClCompile>
    <ClCompile Include="compiler\ShiftExpr.cpp">
      <Filter>Source Files</Filter>
    </ClCompile>
    <ClCompile Include="compiler\Stmt.cpp">
      <Filter>Source Files</Filter>
    </ClCompile>
    <ClCompile Include="compiler\SwitchStmt.cpp">
      <Filter>Source Files</Filter>
    </ClCompile>
    <ClCompile Include="compiler\Symbol.cpp">
      <Filter>Source Files</Filter>
    </ClCompile>
    <ClCompile Include="compiler\TaskIdExpr.cpp">
      <Filter>Source Files</Filter>
    </ClCompile>
    <ClCompile Include="compiler\TaskStmt.cpp">
      <Filter>Source Files</Filter>
    </ClCompile>
    <ClCompile Include="compiler\TernaryExpr.cpp">
      <Filter>Source Files</Filter>
    </ClCompile>
    <ClCompile Include="compiler\TypeExpr.cpp">
      <Filter>Source Files</Filter>
    </ClCompile>
    <ClCompile Include="compiler\UnaryExpr.cpp">
      <Filter>Source Files</Filter>
    </ClCompile>
    <ClCompile Include="compiler\ValueExpr.cpp">
      <Filter>Source Files</Filter>
    </ClCompile>
    <ClCompile Include="compiler\VarAllocator.cpp">
      <Filter>Source Files</Filter>
    </ClCompile>
    <ClCompile Include="compiler\VarTranslator.cpp">
      <Filter>Source Files</Filter>
    </ClCompile>
    <ClCompile Include="compiler\WhileStmt.cpp">
      <Filter>Source Files</Filter>
    </ClCompile>
    <ClCompile Include="default\lexer.cpp">
      <Filter>Source Files</Filter>
    </ClCompile>
    <ClCompile Include="default\parse.cpp">
      <Filter>Source Files</Filter>
    </ClCompile>
    <ClCompile Include="nqc\CmdLine.cpp">
      <Filter>Source Files</Filter>
    </ClCompile>
    <ClCompile Include="nqc\DirList.cpp">
      <Filter>Source Files</Filter>
    </ClCompile>
    <ClCompile Include="nqc\nqc.cpp">
      <Filter>Source Files</Filter>
    </ClCompile>
    <ClCompile Include="nqc\SRecord.cpp">
      <Filter>Source Files</Filter>
    </ClCompile>
    <ClCompile Include="nqc\debug_env.c">
      <Filter>Source Files</Filter>
    </ClCompile>
    <ClCompile Include="platform\PDebug.cpp">
      <Filter>Source Files</Filter>
    </ClCompile>
    <ClCompile Include="platform\PHashTable.cpp">
      <Filter>Source Files</Filter>
    </ClCompile>
    <ClCompile Include="platform\PListS.cpp">
      <Filter>Source Files</Filter>
    </ClCompile>
    <ClCompile Include="platform\PSerial_none.cpp">
      <Filter>Source Files</Filter>
    </ClCompile>
    <ClCompile Include="platform\PSerial_win.cpp">
      <Filter>Source Files</Filter>
    </ClCompile>
    <ClCompile Include="platform\PStream.cpp">
      <Filter>Source Files</Filter>
    </ClCompile>
    <ClCompile Include="platform\StrlUtil.cpp">
      <Filter>Source Files</Filter>
    </ClCompile>
    <ClCompile Include="rcxspy\rcxspy.cpp">
      <Filter>Source Files</Filter>
    </ClCompile>
  </ItemGroup>
  <ItemGroup>
    <ClInclude Include="compiler\AcquireStmt.h">
      <Filter>Header Files</Filter>
    </ClInclude>
    <ClInclude Include="compiler\AddrOfExpr.h">
      <Filter>Header Files</Filter>
    </ClInclude>
    <ClInclude Include="compiler\ArrayExpr.h">
      <Filter>Header Files</Filter>
    </ClInclude>
    <ClInclude Include="compiler\AsmStmt.h">
      <Filter>Header Files</Filter>
    </ClInclude>
    <ClInclude Include="compiler\AssignMathStmt.h">
      <Filter>Header Files</Filter>
    </ClInclude>
    <ClInclude Include="compiler\AssignStmt.h">
      <Filter>Header Files</Filter>
    </ClInclude>
    <ClInclude Include="compiler\AtomExpr.h">
      <Filter>Header Files</Filter>
    </ClInclude>
    <ClInclude Include="compiler\AutoFree.h">
      <Filter>Header Files</Filter>
    </ClInclude>
    <ClInclude Include="compiler\BinaryExpr.h">
      <Filter>Header Files</Filter>
    </ClInclude>
    <ClInclude Include="compiler\BlockStmt.h">
      <Filter>Header Files</Filter>
    </ClInclude>
    <ClInclude Include="compiler\Buffer.h">
      <Filter>Header Files</Filter>
    </ClInclude>
    <ClInclude Include="compiler\Bytecode.h">
      <Filter>Header Files</Filter>
    </ClInclude>
    <ClInclude Include="compiler\CallStmt.h">
      <Filter>Header Files</Filter>
    </ClInclude>
    <ClInclude Include="compiler\CaseStmt.h">
      <Filter>Header Files</Filter>
    </ClInclude>
    <ClInclude Include="compiler\CatchStmt.h">
      <Filter>Header Files</Filter>
    </ClInclude>
    <ClInclude Include="compiler\Compiler.h">
      <Filter>Header Files</Filter>
    </ClInclude>
    <ClInclude Include="compiler\Conditional.h">
      <Filter>Header Files</Filter>
    </ClInclude>
    <ClInclude Include="compiler\CondParser.h">
      <Filter>Header Files</Filter>
    </ClInclude>
    <ClInclude Include="compiler\DeclareStmt.h">
      <Filter>Header Files</Filter>
    </ClInclude>
    <ClInclude Include="compiler\DerefExpr.h">
      <Filter>Header Files</Filter>
    </ClInclude>
    <ClInclude Include="compiler\DoStmt.h">
      <Filter>Header Files</Filter>
    </ClInclude>
    <ClInclude Include="compiler\Error.h">
      <Filter>Header Files</Filter>
    </ClInclude>
    <ClInclude Include="compiler\EventSrcExpr.h">
      <Filter>Header Files</Filter>
    </ClInclude>
    <ClInclude Include="compiler\Expansion.h">
      <Filter>Header Files</Filter>
    </ClInclude>
    <ClInclude Include="compiler\Expr.h">
      <Filter>Header Files</Filter>
    </ClInclude>
    <ClInclude Include="compiler\ExprStmt.h">
      <Filter>Header Files</Filter>
    </ClInclude>
    <ClInclude Include="compiler\ForStmt.h">
      <Filter>Header Files</Filter>
    </ClInclude>
    <ClInclude Include="compiler\Fragment.h">
      <Filter>Header Files</Filter>
    </ClInclude>
    <ClInclude Include="compiler\FunctionDef.h">
      <Filter>Header Files</Filter>
    </ClInclude>
    <ClInclude Include="compiler\GosubParamStmt.h">
      <Filter>Header Files</Filter>
    </ClInclude>
    <ClInclude Include="compiler\GosubStmt.h">
      <Filter>Header Files</Filter>
    </ClInclude>
    <ClInclude Include="compiler\GotoStmt.h">
      <Filter>Header Files</Filter>
    </ClInclude>
    <ClInclude Include="compiler\IfStmt.h">
      <Filter>Header Files</Filter>
    </ClInclude>
    <ClInclude Include="compiler\IncDecExpr.h">
      <Filter>Header Files</Filter>
    </ClInclude>
    <ClInclude Include="compiler\IndirectExpr.h">
      <Filter>Header Files</Filter>
    </ClInclude>
    <ClInclude Include="compiler\InlineStmt.h">
      <Filter>Header Files</Filter>
    </ClInclude>
    <ClInclude Include="compiler\JumpStmt.h">
      <Filter>Header Files</Filter>
    </ClInclude>
    <ClInclude Include="compiler\LabelStmt.h">
      <Filter>Header Files</Filter>
    </ClInclude>
    <ClInclude Include="compiler\LexLocation.h">
      <Filter>Header Files</Filter>
    </ClInclude>
    <ClInclude Include="compiler\LocationNode.h">
      <Filter>Header Files</Filter>
    </ClInclude>
    <ClInclude Include="compiler\LogicalExpr.h">
      <Filter>Header Files</Filter>
    </ClInclude>
    <ClInclude Include="compiler\Macro.h">
      <Filter>Header Files</Filter>
    </ClInclude>
    <ClInclude Include="compiler\Mapping.h">
      <Filter>Header Files</Filter>
    </ClInclude>
    <ClInclude Include="compiler\ModExpr.h">
      <Filter>Header Files</Filter>
    </ClInclude>
    <ClInclude Include="compiler\MonitorStmt.h">
      <Filter>Header Files</Filter>
    </ClInclude>
    <ClInclude Include="compiler\NegateExpr.h">
      <Filter>Header Files</Filter>
    </ClInclude>
    <ClInclude Include="compiler\NodeExpr.h">
      <Filter>Header Files</Filter>
    </ClInclude>
    <ClInclude Include="compiler\parser.h">
      <Filter>Header Files</Filter>
    </ClInclude>
    <ClInclude Include="compiler\parse_util.h">
      <Filter>Header Files</Filter>
    </ClInclude>
    <ClInclude Include="compiler\PreProc.h">
      <Filter>Header Files</Filter>
    </ClInclude>
    <ClInclude Include="compiler\Program.h">
      <Filter>Header Files</Filter>
    </ClInclude>
    <ClInclude Include="compiler\RelExpr.h">
      <Filter>Header Files</Filter>
    </ClInclude>
    <ClInclude Include="compiler\RepeatStmt.h">
      <Filter>Header Files</Filter>
    </ClInclude>
    <ClInclude Include="compiler\Resource.h">
      <Filter>Header Files</Filter>
    </ClInclude>
    <ClInclude Include="compiler\Scope.h">
      <Filter>Header Files</Filter>
    </ClInclude>
    <ClInclude Include="compiler\ScopeStmt.h">
      <Filter>Header Files</Filter>
    </ClInclude>
    <ClInclude Include="compiler\SensorExpr.h">
      <Filter>Header Files</Filter>
    </ClInclude>
    <ClInclude Include="compiler\ShiftExpr.h">
      <Filter>Header Files</Filter>
    </ClInclude>
    <ClInclude Include="compiler\Stmt.h">
      <Filter>Header Files</Filter>
    </ClInclude>
    <ClInclude Include="compiler\SwitchStmt.h">
      <Filter>Header Files</Filter>
    </ClInclude>
    <ClInclude Include="compiler\Symbol.h">
      <Filter>Header Files</Filter>
    </ClInclude>
    <ClInclude Include="compiler\TaskIdExpr.h">
      <Filter>Header Files</Filter>
    </ClInclude>
    <ClInclude Include="compiler\TaskStmt.h">
      <Filter>Header Files</Filter>
    </ClInclude>
    <ClInclude Include="compiler\TernaryExpr.h">
      <Filter>Header Files</Filter>
    </ClInclude>
    <ClInclude Include="compiler\Token.h">
      <Filter>Header Files</Filter>
    </ClInclude>
    <ClInclude Include="compiler\TypeExpr.h">
      <Filter>Header Files</Filter>
    </ClInclude>
    <ClInclude Include="compiler\UnaryExpr.h">
      <Filter>Header Files</Filter>
    </ClInclude>
    <ClInclude Include="compiler\ValueExpr.h">
      <Filter>Header Files</Filter>
    </ClInclude>
    <ClInclude Include="compiler\VarAllocator.h">
      <Filter>Header Files</Filter>
    </ClInclude>
    <ClInclude Include="compiler\Variable.h">
      <Filter>Header Files</Filter>
    </ClInclude>
    <ClInclude Include="compiler\VarTranslator.h">
      <Filter>Header Files</Filter>
    </ClInclude>
    <ClInclude Include="compiler\version.h">
      <Filter>Header Files</Filter>
    </ClInclude>
    <ClInclude Include="compiler\WhileStmt.h">
      <Filter>Header Files</Filter>
    </ClInclude>
    <ClInclude Include="default\parse.tab.h">
      <Filter>Header Files</Filter>
    </ClInclude>
    <ClInclude Include="default\rcx1_nqh.h">
      <Filter>Header Files</Filter>
    </ClInclude>
    <ClInclude Include="default\rcx2_nqh.h">
      <Filter>Header Files</Filter>
    </ClInclude>
    <ClInclude Include="nqc\CmdLine.h">
      <Filter>Header Files</Filter>
    </ClInclude>
    <ClInclude Include="nqc\debug_prefix.h">
      <Filter>Header Files</Filter>
    </ClInclude>
    <ClInclude Include="nqc\DirList.h">
      <Filter>Header Files</Filter>
    </ClInclude>
    <ClInclude Include="nqc\SRecord.h">
      <Filter>Header Files</Filter>
    </ClInclude>
    <ClInclude Include="platform\LEGOUSBTowerioctl.h">
      <Filter>Header Files</Filter>
    </ClInclude>
    <ClInclude Include="platform\PDebug.h">
      <Filter>Header Files</Filter>
    </ClInclude>
    <ClInclude Include="platform\PHashTable.h">
      <Filter>Header Files</Filter>
    </ClInclude>
    <ClInclude Include="platform\PListS.h">
      <Filter>Header Files</Filter>
    </ClInclude>
    <ClInclude Include="platform\PSerial.h">
      <Filter>Header Files</Filter>
    </ClInclude>
    <ClInclude Include="platform\PStream.h">
      <Filter>Header Files</Filter>
    </ClInclude>
    <ClInclude Include="platform\PTypes.h">
      <Filter>Header Files</Filter>
    </ClInclude>
    <ClInclude Include="platform\StrlUtil.h">
      <Filter>Header Files</Filter>
    </ClInclude>
    <ClInclude Include="platform\TowerApi.h">
      <Filter>Header Files</Filter>
    </ClInclude>
  </ItemGroup>
  <ItemGroup>
    <ResourceCompile Include="nqc\version.rc">
      <Filter>Resource Files</Filter>
    </ResourceCompile>
  </ItemGroup>
</Project>